
Microsoft Visual Studio Solution File, Format Version 12.00
Project("{FAE04EC0-301F-11D3-BF4B-00C04F79EFBC}") = "SnakeMobile", "SnakeMobile\SnakeMobile.csproj", "{336D626E-9FF1-4182-B4BA-779C1575F579}"
EndProject
Global
	GlobalSection(SolutionConfigurationPlatforms) = preSolution
		Debug|Any CPU = Debug|Any CPU
		Release|Any CPU = Release|Any CPU
	EndGlobalSection
	GlobalSection(ProjectConfigurationPlatforms) = postSolution
		{336D626E-9FF1-4182-B4BA-779C1575F579}.Debug|Any CPU.ActiveCfg = Debug|Any CPU
		{336D626E-9FF1-4182-B4BA-779C1575F579}.Debug|Any CPU.Build.0 = Debug|Any CPU
		{336D626E-9FF1-4182-B4BA-779C1575F579}.Debug|Any CPU.Deploy.0 = Debug|Any CPU
		{336D626E-9FF1-4182-B4BA-779C1575F579}.Release|Any CPU.ActiveCfg = Release|Any CPU
		{336D626E-9FF1-4182-B4BA-779C1575F579}.Release|Any CPU.Build.0 = Release|Any CPU
		{336D626E-9FF1-4182-B4BA-779C1575F579}.Release|Any CPU.Deploy.0 = Release|Any CPU
	EndGlobalSection
EndGlobal
